
Microsoft Visual Studio Solution File, Format Version 12.00
# Visual Studio 15
Project("{FAE04EC0-301F-11D3-BF4B-00C04F79EFBC}") = "Assembly-CSharp", "Assembly-CSharp.csproj", "{2CE39943-23C8-5C4F-1EAD-B86FBEF4C716}"
EndProject
Project("{FAE04EC0-301F-11D3-BF4B-00C04F79EFBC}") = "Assembly-CSharp-Editor", "Assembly-CSharp-Editor.csproj", "{0C9355E5-58B6-838C-2A19-311D98D678ED}"
EndProject
Global
	GlobalSection(SolutionConfigurationPlatforms) = preSolution
		Debug|Any CPU = Debug|Any CPU
		Release|Any CPU = Release|Any CPU
	EndGlobalSection
	GlobalSection(ProjectConfigurationPlatforms) = postSolution
		{2CE39943-23C8-5C4F-1EAD-B86FBEF4C716}.Debug|Any CPU.ActiveCfg = Debug|Any CPU
		{2CE39943-23C8-5C4F-1EAD-B86FBEF4C716}.Debug|Any CPU.Build.0 = Debug|Any CPU
		{2CE39943-23C8-5C4F-1EAD-B86FBEF4C716}.Release|Any CPU.ActiveCfg = Release|Any CPU
		{2CE39943-23C8-5C4F-1EAD-B86FBEF4C716}.Release|Any CPU.Build.0 = Release|Any CPU
		{0C9355E5-58B6-838C-2A19-311D98D678ED}.Debug|Any CPU.ActiveCfg = Debug|Any CPU
		{0C9355E5-58B6-838C-2A19-311D98D678ED}.Debug|Any CPU.Build.0 = Debug|Any CPU
		{0C9355E5-58B6-838C-2A19-311D98D678ED}.Release|Any CPU.ActiveCfg = Release|Any CPU
		{0C9355E5-58B6-838C-2A19-311D98D678ED}.Release|Any CPU.Build.0 = Release|Any CPU
	EndGlobalSection
	GlobalSection(SolutionProperties) = preSolution
		HideSolutionNode = FALSE
	EndGlobalSection
EndGlobal
